
Microsoft Visual Studio Solution File, Format Version 12.00
# Visual Studio Version 17
VisualStudioVersion = 17.11.35222.181
MinimumVisualStudioVersion = 10.0.40219.1
Project("{9A19103F-16F7-4668-BE54-9A1E7A4F7556}") = "TransitNE", "TransitNE\TransitNE.csproj", "{D2683403-E34C-4196-A111-3D9933511A5D}"
EndProject
Project("{9A19103F-16F7-4668-BE54-9A1E7A4F7556}") = "TransitNETesting", "TransitNETesting\TransitNETesting.csproj", "{11A49352-7257-4EC0-BCCD-30873BA48D76}"
EndProject
Global
	GlobalSection(SolutionConfigurationPlatforms) = preSolution
		Debug|Any CPU = Debug|Any CPU
		Release|Any CPU = Release|Any CPU
	EndGlobalSection
	GlobalSection(ProjectConfigurationPlatforms) = postSolution
		{D2683403-E34C-4196-A111-3D9933511A5D}.Debug|Any CPU.ActiveCfg = Debug|Any CPU
		{D2683403-E34C-4196-A111-3D9933511A5D}.Debug|Any CPU.Build.0 = Debug|Any CPU
		{D2683403-E34C-4196-A111-3D9933511A5D}.Release|Any CPU.ActiveCfg = Release|Any CPU
		{D2683403-E34C-4196-A111-3D9933511A5D}.Release|Any CPU.Build.0 = Release|Any CPU
		{11A49352-7257-4EC0-BCCD-30873BA48D76}.Debug|Any CPU.ActiveCfg = Debug|Any CPU
		{11A49352-7257-4EC0-BCCD-30873BA48D76}.Debug|Any CPU.Build.0 = Debug|Any CPU
		{11A49352-7257-4EC0-BCCD-30873BA48D76}.Release|Any CPU.ActiveCfg = Release|Any CPU
		{11A49352-7257-4EC0-BCCD-30873BA48D76}.Release|Any CPU.Build.0 = Release|Any CPU
	EndGlobalSection
	GlobalSection(SolutionProperties) = preSolution
		HideSolutionNode = FALSE
	EndGlobalSection
	GlobalSection(ExtensibilityGlobals) = postSolution
		SolutionGuid = {DA94B72A-01F0-494B-85CF-3BF0D0A60A98}
	EndGlobalSection
EndGlobal
